
Microsoft Visual Studio Solution File, Format Version 12.00
# Visual Studio Version 17
VisualStudioVersion = 17.5.002.0
MinimumVisualStudioVersion = 10.0.40219.1
Project("{9A19103F-16F7-4668-BE54-9A1E7A4F7556}") = "ADOnetApp", "ADOnetApp\ADOnetApp.csproj", "{CF9655FD-FFC0-4E36-9E3C-37C7A7D389C6}"
EndProject
Global
	GlobalSection(SolutionConfigurationPlatforms) = preSolution
		Debug|Any CPU = Debug|Any CPU
		Release|Any CPU = Release|Any CPU
	EndGlobalSection
	GlobalSection(ProjectConfigurationPlatforms) = postSolution
		{CF9655FD-FFC0-4E36-9E3C-37C7A7D389C6}.Debug|Any CPU.ActiveCfg = Debug|Any CPU
		{CF9655FD-FFC0-4E36-9E3C-37C7A7D389C6}.Debug|Any CPU.Build.0 = Debug|Any CPU
		{CF9655FD-FFC0-4E36-9E3C-37C7A7D389C6}.Release|Any CPU.ActiveCfg = Release|Any CPU
		{CF9655FD-FFC0-4E36-9E3C-37C7A7D389C6}.Release|Any CPU.Build.0 = Release|Any CPU
	EndGlobalSection
	GlobalSection(SolutionProperties) = preSolution
		HideSolutionNode = FALSE
	EndGlobalSection
	GlobalSection(ExtensibilityGlobals) = postSolution
		SolutionGuid = {3CFC3D96-720F-400B-B6C3-6F656C890CAB}
	EndGlobalSection
EndGlobal
